
Microsoft Visual Studio Solution File, Format Version 12.00
# Visual Studio 15
VisualStudioVersion = 15.0.27703.2026
MinimumVisualStudioVersion = 10.0.40219.1
Project("{FAE04EC0-301F-11D3-BF4B-00C04F79EFBC}") = "WebAppCore.DependencyInjection", "WebAppCore.DependencyInjection\WebAppCore.DependencyInjection.csproj", "{0422861C-98F7-454B-95C2-3CD6F0CA2D54}"
EndProject
Global
	GlobalSection(SolutionConfigurationPlatforms) = preSolution
		Debug|Any CPU = Debug|Any CPU
		Release|Any CPU = Release|Any CPU
	EndGlobalSection
	GlobalSection(ProjectConfigurationPlatforms) = postSolution
		{0422861C-98F7-454B-95C2-3CD6F0CA2D54}.Debug|Any CPU.ActiveCfg = Debug|Any CPU
		{0422861C-98F7-454B-95C2-3CD6F0CA2D54}.Debug|Any CPU.Build.0 = Debug|Any CPU
		{0422861C-98F7-454B-95C2-3CD6F0CA2D54}.Release|Any CPU.ActiveCfg = Release|Any CPU
		{0422861C-98F7-454B-95C2-3CD6F0CA2D54}.Release|Any CPU.Build.0 = Release|Any CPU
	EndGlobalSection
	GlobalSection(SolutionProperties) = preSolution
		HideSolutionNode = FALSE
	EndGlobalSection
	GlobalSection(ExtensibilityGlobals) = postSolution
		SolutionGuid = {F48A056E-D94F-47A2-B3CC-B69F35366F3E}
	EndGlobalSection
EndGlobal
